{
  "name": "fullstackopen",
  "lockfileVersion": 3,
  "requires": true,
  "packages": {
    "": {
      "dependencies": {
        "g": "^2.0.1",
        "pnpm": "^8.6.12"
      }
    },
    "node_modules/g": {
      "version": "2.0.1",
      "resolved": "https://registry.npmjs.org/g/-/g-2.0.1.tgz",
      "integrity": "sha512-Fi6Ng5fZ/ANLQ15H11hCe+09sgUoNvDEBevVgx3KoYOhsH5iLNPn54hx0jPZ+3oSWr+xajnp2Qau9VmPsc7hTA=="
    },
    "node_modules/pnpm": {
      "version": "8.6.12",
      "resolved": "https://registry.npmjs.org/pnpm/-/pnpm-8.6.12.tgz",
      "integrity": "sha512-Eza4C5SO/Xl5IYozupbZ5NOA5leBRPYxmXmXfe7G4/4uCkRLhks84rB33aitxNZU/uMrnDGGjwrLktoKvPjqHA==",
      "bin": {
        "pnpm": "bin/pnpm.cjs",
        "pnpx": "bin/pnpx.cjs"
      },
      "engines": {
        "node": ">=16.14"
      },
      "funding": {
        "url": "https://opencollective.com/pnpm"
      }
    }
  }
}
